
Microsoft Visual Studio Solution File, Format Version 12.00
# Visual Studio Version 17
VisualStudioVersion = 17.13.35806.99
MinimumVisualStudioVersion = 10.0.40219.1
Project("{FAE04EC0-301F-11D3-BF4B-00C04F79EFBC}") = "KoshelekRuWebService", "KoshelekRuWebService\KoshelekRuWebService.csproj", "{A09EFDEB-4F0B-4E92-BEC5-6D3912EB3097}"
EndProject
Project("{FAE04EC0-301F-11D3-BF4B-00C04F79EFBC}") = "Clients", "Clients\Clients.csproj", "{61BD6DF4-836D-4AA0-ADCA-0CFF50613A4F}"
EndProject
Project("{FAE04EC0-301F-11D3-BF4B-00C04F79EFBC}") = "Domain", "Domain\Domain.csproj", "{C870C95B-5AFA-46C0-A64A-6CB284BC2E07}"
EndProject
Global
	GlobalSection(SolutionConfigurationPlatforms) = preSolution
		Debug|Any CPU = Debug|Any CPU
		Release|Any CPU = Release|Any CPU
	EndGlobalSection
	GlobalSection(ProjectConfigurationPlatforms) = postSolution
		{A09EFDEB-4F0B-4E92-BEC5-6D3912EB3097}.Debug|Any CPU.ActiveCfg = Debug|Any CPU
		{A09EFDEB-4F0B-4E92-BEC5-6D3912EB3097}.Debug|Any CPU.Build.0 = Debug|Any CPU
		{A09EFDEB-4F0B-4E92-BEC5-6D3912EB3097}.Release|Any CPU.ActiveCfg = Release|Any CPU
		{A09EFDEB-4F0B-4E92-BEC5-6D3912EB3097}.Release|Any CPU.Build.0 = Release|Any CPU
		{61BD6DF4-836D-4AA0-ADCA-0CFF50613A4F}.Debug|Any CPU.ActiveCfg = Debug|Any CPU
		{61BD6DF4-836D-4AA0-ADCA-0CFF50613A4F}.Debug|Any CPU.Build.0 = Debug|Any CPU
		{61BD6DF4-836D-4AA0-ADCA-0CFF50613A4F}.Release|Any CPU.ActiveCfg = Release|Any CPU
		{61BD6DF4-836D-4AA0-ADCA-0CFF50613A4F}.Release|Any CPU.Build.0 = Release|Any CPU
		{C870C95B-5AFA-46C0-A64A-6CB284BC2E07}.Debug|Any CPU.ActiveCfg = Debug|Any CPU
		{C870C95B-5AFA-46C0-A64A-6CB284BC2E07}.Debug|Any CPU.Build.0 = Debug|Any CPU
		{C870C95B-5AFA-46C0-A64A-6CB284BC2E07}.Release|Any CPU.ActiveCfg = Release|Any CPU
		{C870C95B-5AFA-46C0-A64A-6CB284BC2E07}.Release|Any CPU.Build.0 = Release|Any CPU
	EndGlobalSection
	GlobalSection(SolutionProperties) = preSolution
		HideSolutionNode = FALSE
	EndGlobalSection
	GlobalSection(ExtensibilityGlobals) = postSolution
		SolutionGuid = {12133B39-B6D1-41D9-B8CC-E2FE54F08B23}
	EndGlobalSection
EndGlobal
